
Microsoft Visual Studio Solution File, Format Version 12.00
# Visual Studio Version 17
VisualStudioVersion = 17.5.002.0
MinimumVisualStudioVersion = 10.0.40219.1
Project("{2150E333-8FDC-42A3-9474-1A3956D46DE8}") = "microsoftlearn-ai-coursework", "microsoftlearn-ai-coursework", "{84340144-5A89-4659-ADFA-1015E3E8F3E1}"
EndProject
Project("{9A19103F-16F7-4668-BE54-9A1E7A4F7556}") = "APL2007M3SalesReport-InlineChat", "microsoftlearn-ai-coursework\APL2007M3SalesReport-InlineChat\APL2007M3SalesReport-InlineChat.csproj", "{9FB42D5B-91ED-4DB7-B206-91488A8BFE87}"
EndProject
Project("{9A19103F-16F7-4668-BE54-9A1E7A4F7556}") = "APL2007M2Sample2", "microsoftlearn-ai-coursework\APL2007M2Sample2\APL2007M2Sample2.csproj", "{128D6A2E-D8C3-4532-A1E9-8913F7C7AA8B}"
EndProject
Project("{9A19103F-16F7-4668-BE54-9A1E7A4F7556}") = "APL2007M3SalesReport-SalesOrders", "microsoftlearn-ai-coursework\APL2007M3SalesReport-SalesOrders\APL2007M3SalesReport-SalesOrders.csproj", "{B07D7DCB-A0B9-4564-9931-628465ECF66C}"
EndProject
Project("{9A19103F-16F7-4668-BE54-9A1E7A4F7556}") = "APL2007M2Sample1", "microsoftlearn-ai-coursework\APL2007M2Sample1\APL2007M2Sample1.csproj", "{DE7E4E64-EA53-4BF8-AEC7-831019A8D1ED}"
EndProject
Project("{9A19103F-16F7-4668-BE54-9A1E7A4F7556}") = "APL2007M5", "microsoftlearn-ai-coursework\APL2007M5SalesReport\APL2007M5.csproj", "{E51FF7E1-FE5B-41A4-903D-7EC242B5432D}"
EndProject
Project("{9A19103F-16F7-4668-BE54-9A1E7A4F7556}") = "APL2007M3SalesReport", "microsoftlearn-ai-coursework\APL2007M3SalesReport-CodeLogicChallenge\APL2007M3SalesReport.csproj", "{7AFEFFDA-AF3C-4DB4-AF0A-B20327C2E100}"
EndProject
Project("{9A19103F-16F7-4668-BE54-9A1E7A4F7556}") = "APL2007M3SalesReport-NewCodeChallenge", "microsoftlearn-ai-coursework\APL2007M3SalesReport-NewCodeChallenge\APL2007M3SalesReport-NewCodeChallenge.csproj", "{8FB97D83-0103-4A68-B2BC-60F782AB6869}"
EndProject
Project("{2150E333-8FDC-42A3-9474-1A3956D46DE8}") = "APL2007M4PrimeService", "APL2007M4PrimeService", "{9D1D8686-0851-4C33-8045-095CB14A7F75}"
EndProject
Project("{9A19103F-16F7-4668-BE54-9A1E7A4F7556}") = "Numbers", "microsoftlearn-ai-coursework\APL2007M4PrimeService\Numbers\Numbers.csproj", "{7B9389DA-F7B9-46A0-B51B-35BED048094A}"
EndProject
Project("{2150E333-8FDC-42A3-9474-1A3956D46DE8}") = "APL2007M4PrimeService-UnitTests", "APL2007M4PrimeService-UnitTests", "{61E7CFCE-021B-4A08-9753-96FE66B53416}"
EndProject
Project("{9A19103F-16F7-4668-BE54-9A1E7A4F7556}") = "PrimeService.UnitTests", "microsoftlearn-ai-coursework\APL2007M4PrimeService-UnitTests\PrimeService.UnitTests\PrimeService.UnitTests.csproj", "{2CB3A74E-6C03-4EC6-9E8B-65CF07344278}"
EndProject
Project("{9A19103F-16F7-4668-BE54-9A1E7A4F7556}") = "Numbers", "microsoftlearn-ai-coursework\APL2007M4PrimeService-UnitTests\Numbers\Numbers.csproj", "{0DCEB987-DE2E-4EA6-AE68-F1776635D546}"
EndProject
Project("{2150E333-8FDC-42A3-9474-1A3956D46DE8}") = "APL2007M5BankAccount", "APL2007M5BankAccount", "{721BDCA7-D6F4-447E-8A01-F71750F3C708}"
EndProject
Project("{9A19103F-16F7-4668-BE54-9A1E7A4F7556}") = "BankAccount.UnitTests", "microsoftlearn-ai-coursework\APL2007M5BankAccount\BankAccount.UnitTests\BankAccount.UnitTests.csproj", "{B3BC0C57-3551-40D6-8D5B-A915D3AAF057}"
EndProject
Project("{9A19103F-16F7-4668-BE54-9A1E7A4F7556}") = "BankAccount", "microsoftlearn-ai-coursework\APL2007M5BankAccount\BankAccountClass\BankAccount.csproj", "{BB97EB2B-A60A-4A5E-B1F3-72E1F3DCB093}"
EndProject
Project("{2150E333-8FDC-42A3-9474-1A3956D46DE8}") = "APL2007M5BankAccount-Reliability", "APL2007M5BankAccount-Reliability", "{B7654608-4651-4B52-9463-F3469829AE6F}"
EndProject
Project("{9A19103F-16F7-4668-BE54-9A1E7A4F7556}") = "BankAccount.UnitTests", "microsoftlearn-ai-coursework\APL2007M5BankAccount-Reliability\BankAccount.UnitTests\BankAccount.UnitTests.csproj", "{052E4CE7-5EF5-419A-B051-F5C34B15FCA5}"
EndProject
Project("{9A19103F-16F7-4668-BE54-9A1E7A4F7556}") = "BankAccount", "microsoftlearn-ai-coursework\APL2007M5BankAccount-Reliability\BankAccountClass\BankAccount.csproj", "{8C2EC78D-202C-43D8-B739-7634CDBE3806}"
EndProject
Project("{2150E333-8FDC-42A3-9474-1A3956D46DE8}") = "APL2007M4SalesReport", "APL2007M4SalesReport", "{7ED157A0-70A6-4528-804E-34ECF5A54808}"
EndProject
Project("{9A19103F-16F7-4668-BE54-9A1E7A4F7556}") = "APL2007M4", "microsoftlearn-ai-coursework\APL2007M4SalesReport\SalesReportApp\APL2007M4.csproj", "{584EBC92-C203-4029-8B79-A1B46E9AFCE2}"
EndProject
Project("{2150E333-8FDC-42A3-9474-1A3956D46DE8}") = "APL2007M5BankAccount-Security", "APL2007M5BankAccount-Security", "{BB2DB2E2-ED9F-4664-8438-70B2F16C575F}"
EndProject
Project("{9A19103F-16F7-4668-BE54-9A1E7A4F7556}") = "BankAccount.UnitTests", "microsoftlearn-ai-coursework\APL2007M5BankAccount-Security\BankAccount.UnitTests\BankAccount.UnitTests.csproj", "{41E82B25-8768-4A77-82BE-792A232A2661}"
EndProject
Project("{9A19103F-16F7-4668-BE54-9A1E7A4F7556}") = "BankAccount", "microsoftlearn-ai-coursework\APL2007M5BankAccount-Security\BankAccountClass\BankAccount.csproj", "{7D0218BE-89F6-4BCE-997F-519906940B36}"
EndProject
Project("{2150E333-8FDC-42A3-9474-1A3956D46DE8}") = "APL2007M4BankAccount", "APL2007M4BankAccount", "{EE5D5566-7013-4838-B93F-D0F6F3405028}"
EndProject
Project("{9A19103F-16F7-4668-BE54-9A1E7A4F7556}") = "BankAccount", "microsoftlearn-ai-coursework\APL2007M4BankAccount\BankAccountClass\BankAccount.csproj", "{2810FAD4-04E9-43F8-9F54-9FD9C43026FE}"
EndProject
Global
	GlobalSection(SolutionConfigurationPlatforms) = preSolution
		Debug|Any CPU = Debug|Any CPU
		Release|Any CPU = Release|Any CPU
	EndGlobalSection
	GlobalSection(ProjectConfigurationPlatforms) = postSolution
		{9FB42D5B-91ED-4DB7-B206-91488A8BFE87}.Debug|Any CPU.ActiveCfg = Debug|Any CPU
		{9FB42D5B-91ED-4DB7-B206-91488A8BFE87}.Debug|Any CPU.Build.0 = Debug|Any CPU
		{9FB42D5B-91ED-4DB7-B206-91488A8BFE87}.Release|Any CPU.ActiveCfg = Release|Any CPU
		{9FB42D5B-91ED-4DB7-B206-91488A8BFE87}.Release|Any CPU.Build.0 = Release|Any CPU
		{128D6A2E-D8C3-4532-A1E9-8913F7C7AA8B}.Debug|Any CPU.ActiveCfg = Debug|Any CPU
		{128D6A2E-D8C3-4532-A1E9-8913F7C7AA8B}.Debug|Any CPU.Build.0 = Debug|Any CPU
		{128D6A2E-D8C3-4532-A1E9-8913F7C7AA8B}.Release|Any CPU.ActiveCfg = Release|Any CPU
		{128D6A2E-D8C3-4532-A1E9-8913F7C7AA8B}.Release|Any CPU.Build.0 = Release|Any CPU
		{B07D7DCB-A0B9-4564-9931-628465ECF66C}.Debug|Any CPU.ActiveCfg = Debug|Any CPU
		{B07D7DCB-A0B9-4564-9931-628465ECF66C}.Debug|Any CPU.Build.0 = Debug|Any CPU
		{B07D7DCB-A0B9-4564-9931-628465ECF66C}.Release|Any CPU.ActiveCfg = Release|Any CPU
		{B07D7DCB-A0B9-4564-9931-628465ECF66C}.Release|Any CPU.Build.0 = Release|Any CPU
		{DE7E4E64-EA53-4BF8-AEC7-831019A8D1ED}.Debug|Any CPU.ActiveCfg = Debug|Any CPU
		{DE7E4E64-EA53-4BF8-AEC7-831019A8D1ED}.Debug|Any CPU.Build.0 = Debug|Any CPU
		{DE7E4E64-EA53-4BF8-AEC7-831019A8D1ED}.Release|Any CPU.ActiveCfg = Release|Any CPU
		{DE7E4E64-EA53-4BF8-AEC7-831019A8D1ED}.Release|Any CPU.Build.0 = Release|Any CPU
		{E51FF7E1-FE5B-41A4-903D-7EC242B5432D}.Debug|Any CPU.ActiveCfg = Debug|Any CPU
		{E51FF7E1-FE5B-41A4-903D-7EC242B5432D}.Debug|Any CPU.Build.0 = Debug|Any CPU
		{E51FF7E1-FE5B-41A4-903D-7EC242B5432D}.Release|Any CPU.ActiveCfg = Release|Any CPU
		{E51FF7E1-FE5B-41A4-903D-7EC242B5432D}.Release|Any CPU.Build.0 = Release|Any CPU
		{7AFEFFDA-AF3C-4DB4-AF0A-B20327C2E100}.Debug|Any CPU.ActiveCfg = Debug|Any CPU
		{7AFEFFDA-AF3C-4DB4-AF0A-B20327C2E100}.Debug|Any CPU.Build.0 = Debug|Any CPU
		{7AFEFFDA-AF3C-4DB4-AF0A-B20327C2E100}.Release|Any CPU.ActiveCfg = Release|Any CPU
		{7AFEFFDA-AF3C-4DB4-AF0A-B20327C2E100}.Release|Any CPU.Build.0 = Release|Any CPU
		{8FB97D83-0103-4A68-B2BC-60F782AB6869}.Debug|Any CPU.ActiveCfg = Debug|Any CPU
		{8FB97D83-0103-4A68-B2BC-60F782AB6869}.Debug|Any CPU.Build.0 = Debug|Any CPU
		{8FB97D83-0103-4A68-B2BC-60F782AB6869}.Release|Any CPU.ActiveCfg = Release|Any CPU
		{8FB97D83-0103-4A68-B2BC-60F782AB6869}.Release|Any CPU.Build.0 = Release|Any CPU
		{7B9389DA-F7B9-46A0-B51B-35BED048094A}.Debug|Any CPU.ActiveCfg = Debug|Any CPU
		{7B9389DA-F7B9-46A0-B51B-35BED048094A}.Debug|Any CPU.Build.0 = Debug|Any CPU
		{7B9389DA-F7B9-46A0-B51B-35BED048094A}.Release|Any CPU.ActiveCfg = Release|Any CPU
		{7B9389DA-F7B9-46A0-B51B-35BED048094A}.Release|Any CPU.Build.0 = Release|Any CPU
		{2CB3A74E-6C03-4EC6-9E8B-65CF07344278}.Debug|Any CPU.ActiveCfg = Debug|Any CPU
		{2CB3A74E-6C03-4EC6-9E8B-65CF07344278}.Debug|Any CPU.Build.0 = Debug|Any CPU
		{2CB3A74E-6C03-4EC6-9E8B-65CF07344278}.Release|Any CPU.ActiveCfg = Release|Any CPU
		{2CB3A74E-6C03-4EC6-9E8B-65CF07344278}.Release|Any CPU.Build.0 = Release|Any CPU
		{0DCEB987-DE2E-4EA6-AE68-F1776635D546}.Debug|Any CPU.ActiveCfg = Debug|Any CPU
		{0DCEB987-DE2E-4EA6-AE68-F1776635D546}.Debug|Any CPU.Build.0 = Debug|Any CPU
		{0DCEB987-DE2E-4EA6-AE68-F1776635D546}.Release|Any CPU.ActiveCfg = Release|Any CPU
		{0DCEB987-DE2E-4EA6-AE68-F1776635D546}.Release|Any CPU.Build.0 = Release|Any CPU
		{B3BC0C57-3551-40D6-8D5B-A915D3AAF057}.Debug|Any CPU.ActiveCfg = Debug|Any CPU
		{B3BC0C57-3551-40D6-8D5B-A915D3AAF057}.Debug|Any CPU.Build.0 = Debug|Any CPU
		{B3BC0C57-3551-40D6-8D5B-A915D3AAF057}.Release|Any CPU.ActiveCfg = Release|Any CPU
		{B3BC0C57-3551-40D6-8D5B-A915D3AAF057}.Release|Any CPU.Build.0 = Release|Any CPU
		{BB97EB2B-A60A-4A5E-B1F3-72E1F3DCB093}.Debug|Any CPU.ActiveCfg = Debug|Any CPU
		{BB97EB2B-A60A-4A5E-B1F3-72E1F3DCB093}.Debug|Any CPU.Build.0 = Debug|Any CPU
		{BB97EB2B-A60A-4A5E-B1F3-72E1F3DCB093}.Release|Any CPU.ActiveCfg = Release|Any CPU
		{BB97EB2B-A60A-4A5E-B1F3-72E1F3DCB093}.Release|Any CPU.Build.0 = Release|Any CPU
		{052E4CE7-5EF5-419A-B051-F5C34B15FCA5}.Debug|Any CPU.ActiveCfg = Debug|Any CPU
		{052E4CE7-5EF5-419A-B051-F5C34B15FCA5}.Debug|Any CPU.Build.0 = Debug|Any CPU
		{052E4CE7-5EF5-419A-B051-F5C34B15FCA5}.Release|Any CPU.ActiveCfg = Release|Any CPU
		{052E4CE7-5EF5-419A-B051-F5C34B15FCA5}.Release|Any CPU.Build.0 = Release|Any CPU
		{8C2EC78D-202C-43D8-B739-7634CDBE3806}.Debug|Any CPU.ActiveCfg = Debug|Any CPU
		{8C2EC78D-202C-43D8-B739-7634CDBE3806}.Debug|Any CPU.Build.0 = Debug|Any CPU
		{8C2EC78D-202C-43D8-B739-7634CDBE3806}.Release|Any CPU.ActiveCfg = Release|Any CPU
		{8C2EC78D-202C-43D8-B739-7634CDBE3806}.Release|Any CPU.Build.0 = Release|Any CPU
		{584EBC92-C203-4029-8B79-A1B46E9AFCE2}.Debug|Any CPU.ActiveCfg = Debug|Any CPU
		{584EBC92-C203-4029-8B79-A1B46E9AFCE2}.Debug|Any CPU.Build.0 = Debug|Any CPU
		{584EBC92-C203-4029-8B79-A1B46E9AFCE2}.Release|Any CPU.ActiveCfg = Release|Any CPU
		{584EBC92-C203-4029-8B79-A1B46E9AFCE2}.Release|Any CPU.Build.0 = Release|Any CPU
		{41E82B25-8768-4A77-82BE-792A232A2661}.Debug|Any CPU.ActiveCfg = Debug|Any CPU
		{41E82B25-8768-4A77-82BE-792A232A2661}.Debug|Any CPU.Build.0 = Debug|Any CPU
		{41E82B25-8768-4A77-82BE-792A232A2661}.Release|Any CPU.ActiveCfg = Release|Any CPU
		{41E82B25-8768-4A77-82BE-792A232A2661}.Release|Any CPU.Build.0 = Release|Any CPU
		{7D0218BE-89F6-4BCE-997F-519906940B36}.Debug|Any CPU.ActiveCfg = Debug|Any CPU
		{7D0218BE-89F6-4BCE-997F-519906940B36}.Debug|Any CPU.Build.0 = Debug|Any CPU
		{7D0218BE-89F6-4BCE-997F-519906940B36}.Release|Any CPU.ActiveCfg = Release|Any CPU
		{7D0218BE-89F6-4BCE-997F-519906940B36}.Release|Any CPU.Build.0 = Release|Any CPU
		{2810FAD4-04E9-43F8-9F54-9FD9C43026FE}.Debug|Any CPU.ActiveCfg = Debug|Any CPU
		{2810FAD4-04E9-43F8-9F54-9FD9C43026FE}.Debug|Any CPU.Build.0 = Debug|Any CPU
		{2810FAD4-04E9-43F8-9F54-9FD9C43026FE}.Release|Any CPU.ActiveCfg = Release|Any CPU
		{2810FAD4-04E9-43F8-9F54-9FD9C43026FE}.Release|Any CPU.Build.0 = Release|Any CPU
	EndGlobalSection
	GlobalSection(SolutionProperties) = preSolution
		HideSolutionNode = FALSE
	EndGlobalSection
	GlobalSection(NestedProjects) = preSolution
		{9FB42D5B-91ED-4DB7-B206-91488A8BFE87} = {84340144-5A89-4659-ADFA-1015E3E8F3E1}
		{128D6A2E-D8C3-4532-A1E9-8913F7C7AA8B} = {84340144-5A89-4659-ADFA-1015E3E8F3E1}
		{B07D7DCB-A0B9-4564-9931-628465ECF66C} = {84340144-5A89-4659-ADFA-1015E3E8F3E1}
		{DE7E4E64-EA53-4BF8-AEC7-831019A8D1ED} = {84340144-5A89-4659-ADFA-1015E3E8F3E1}
		{E51FF7E1-FE5B-41A4-903D-7EC242B5432D} = {84340144-5A89-4659-ADFA-1015E3E8F3E1}
		{7AFEFFDA-AF3C-4DB4-AF0A-B20327C2E100} = {84340144-5A89-4659-ADFA-1015E3E8F3E1}
		{8FB97D83-0103-4A68-B2BC-60F782AB6869} = {84340144-5A89-4659-ADFA-1015E3E8F3E1}
		{9D1D8686-0851-4C33-8045-095CB14A7F75} = {84340144-5A89-4659-ADFA-1015E3E8F3E1}
		{7B9389DA-F7B9-46A0-B51B-35BED048094A} = {9D1D8686-0851-4C33-8045-095CB14A7F75}
		{61E7CFCE-021B-4A08-9753-96FE66B53416} = {84340144-5A89-4659-ADFA-1015E3E8F3E1}
		{2CB3A74E-6C03-4EC6-9E8B-65CF07344278} = {61E7CFCE-021B-4A08-9753-96FE66B53416}
		{0DCEB987-DE2E-4EA6-AE68-F1776635D546} = {61E7CFCE-021B-4A08-9753-96FE66B53416}
		{721BDCA7-D6F4-447E-8A01-F71750F3C708} = {84340144-5A89-4659-ADFA-1015E3E8F3E1}
		{B3BC0C57-3551-40D6-8D5B-A915D3AAF057} = {721BDCA7-D6F4-447E-8A01-F71750F3C708}
		{BB97EB2B-A60A-4A5E-B1F3-72E1F3DCB093} = {721BDCA7-D6F4-447E-8A01-F71750F3C708}
		{B7654608-4651-4B52-9463-F3469829AE6F} = {84340144-5A89-4659-ADFA-1015E3E8F3E1}
		{052E4CE7-5EF5-419A-B051-F5C34B15FCA5} = {B7654608-4651-4B52-9463-F3469829AE6F}
		{8C2EC78D-202C-43D8-B739-7634CDBE3806} = {B7654608-4651-4B52-9463-F3469829AE6F}
		{7ED157A0-70A6-4528-804E-34ECF5A54808} = {84340144-5A89-4659-ADFA-1015E3E8F3E1}
		{584EBC92-C203-4029-8B79-A1B46E9AFCE2} = {7ED157A0-70A6-4528-804E-34ECF5A54808}
		{BB2DB2E2-ED9F-4664-8438-70B2F16C575F} = {84340144-5A89-4659-ADFA-1015E3E8F3E1}
		{41E82B25-8768-4A77-82BE-792A232A2661} = {BB2DB2E2-ED9F-4664-8438-70B2F16C575F}
		{7D0218BE-89F6-4BCE-997F-519906940B36} = {BB2DB2E2-ED9F-4664-8438-70B2F16C575F}
		{EE5D5566-7013-4838-B93F-D0F6F3405028} = {84340144-5A89-4659-ADFA-1015E3E8F3E1}
		{2810FAD4-04E9-43F8-9F54-9FD9C43026FE} = {EE5D5566-7013-4838-B93F-D0F6F3405028}
	EndGlobalSection
	GlobalSection(ExtensibilityGlobals) = postSolution
		SolutionGuid = {9D4B9919-F1B6-4930-AC5D-0F302B69B8B8}
	EndGlobalSection
EndGlobal
